
Microsoft Visual Studio Solution File, Format Version 12.00
# Visual Studio Version 17
VisualStudioVersion = 17.11.35219.272
MinimumVisualStudioVersion = 10.0.40219.1
Project("{9A19103F-16F7-4668-BE54-9A1E7A4F7556}") = "DateExt", "DateExt\DateExt.csproj", "{3470CDE9-AD07-4C8E-A5EF-1E211301F911}"
EndProject
Project("{FAE04EC0-301F-11D3-BF4B-00C04F79EFBC}") = "Asp.Net_Test", "Test\Asp.Net_Test\Asp.Net_Test.csproj", "{679F8504-CBF2-445C-B3E9-DD9E96CB2E6F}"
EndProject
Project("{FAE04EC0-301F-11D3-BF4B-00C04F79EFBC}") = "Console_Test", "Test\Console_Test\Console_Test.csproj", "{43B7652F-97AB-4531-AC44-8289709CABA0}"
EndProject
Project("{FAE04EC0-301F-11D3-BF4B-00C04F79EFBC}") = "UWP_Test", "Test\UWP_Test\UWP_Test.csproj", "{26DB6FA5-8BD8-4AB3-93DB-4330C64BE74E}"
EndProject
Project("{FAE04EC0-301F-11D3-BF4B-00C04F79EFBC}") = "WinAppSDK_Test", "Test\WinAppSDK_Test\WinAppSDK_Test.csproj", "{E265D910-B7F0-49B0-B867-A28940F9C946}"
EndProject
Global
	GlobalSection(SolutionConfigurationPlatforms) = preSolution
		Debug|Any CPU = Debug|Any CPU
		Debug|ARM = Debug|ARM
		Debug|ARM64 = Debug|ARM64
		Debug|x64 = Debug|x64
		Debug|x86 = Debug|x86
		Release|Any CPU = Release|Any CPU
		Release|ARM = Release|ARM
		Release|ARM64 = Release|ARM64
		Release|x64 = Release|x64
		Release|x86 = Release|x86
	EndGlobalSection
	GlobalSection(ProjectConfigurationPlatforms) = postSolution
		{3470CDE9-AD07-4C8E-A5EF-1E211301F911}.Debug|Any CPU.ActiveCfg = Debug|Any CPU
		{3470CDE9-AD07-4C8E-A5EF-1E211301F911}.Debug|Any CPU.Build.0 = Debug|Any CPU
		{3470CDE9-AD07-4C8E-A5EF-1E211301F911}.Debug|ARM.ActiveCfg = Debug|Any CPU
		{3470CDE9-AD07-4C8E-A5EF-1E211301F911}.Debug|ARM.Build.0 = Debug|Any CPU
		{3470CDE9-AD07-4C8E-A5EF-1E211301F911}.Debug|ARM64.ActiveCfg = Debug|Any CPU
		{3470CDE9-AD07-4C8E-A5EF-1E211301F911}.Debug|ARM64.Build.0 = Debug|Any CPU
		{3470CDE9-AD07-4C8E-A5EF-1E211301F911}.Debug|x64.ActiveCfg = Debug|Any CPU
		{3470CDE9-AD07-4C8E-A5EF-1E211301F911}.Debug|x64.Build.0 = Debug|Any CPU
		{3470CDE9-AD07-4C8E-A5EF-1E211301F911}.Debug|x86.ActiveCfg = Debug|Any CPU
		{3470CDE9-AD07-4C8E-A5EF-1E211301F911}.Debug|x86.Build.0 = Debug|Any CPU
		{3470CDE9-AD07-4C8E-A5EF-1E211301F911}.Release|Any CPU.ActiveCfg = Release|Any CPU
		{3470CDE9-AD07-4C8E-A5EF-1E211301F911}.Release|Any CPU.Build.0 = Release|Any CPU
		{3470CDE9-AD07-4C8E-A5EF-1E211301F911}.Release|ARM.ActiveCfg = Release|Any CPU
		{3470CDE9-AD07-4C8E-A5EF-1E211301F911}.Release|ARM.Build.0 = Release|Any CPU
		{3470CDE9-AD07-4C8E-A5EF-1E211301F911}.Release|ARM64.ActiveCfg = Release|Any CPU
		{3470CDE9-AD07-4C8E-A5EF-1E211301F911}.Release|ARM64.Build.0 = Release|Any CPU
		{3470CDE9-AD07-4C8E-A5EF-1E211301F911}.Release|x64.ActiveCfg = Release|Any CPU
		{3470CDE9-AD07-4C8E-A5EF-1E211301F911}.Release|x64.Build.0 = Release|Any CPU
		{3470CDE9-AD07-4C8E-A5EF-1E211301F911}.Release|x86.ActiveCfg = Release|Any CPU
		{3470CDE9-AD07-4C8E-A5EF-1E211301F911}.Release|x86.Build.0 = Release|Any CPU
		{679F8504-CBF2-445C-B3E9-DD9E96CB2E6F}.Debug|Any CPU.ActiveCfg = Debug|Any CPU
		{679F8504-CBF2-445C-B3E9-DD9E96CB2E6F}.Debug|Any CPU.Build.0 = Debug|Any CPU
		{679F8504-CBF2-445C-B3E9-DD9E96CB2E6F}.Debug|ARM.ActiveCfg = Debug|Any CPU
		{679F8504-CBF2-445C-B3E9-DD9E96CB2E6F}.Debug|ARM.Build.0 = Debug|Any CPU
		{679F8504-CBF2-445C-B3E9-DD9E96CB2E6F}.Debug|ARM64.ActiveCfg = Debug|Any CPU
		{679F8504-CBF2-445C-B3E9-DD9E96CB2E6F}.Debug|ARM64.Build.0 = Debug|Any CPU
		{679F8504-CBF2-445C-B3E9-DD9E96CB2E6F}.Debug|x64.ActiveCfg = Debug|Any CPU
		{679F8504-CBF2-445C-B3E9-DD9E96CB2E6F}.Debug|x64.Build.0 = Debug|Any CPU
		{679F8504-CBF2-445C-B3E9-DD9E96CB2E6F}.Debug|x86.ActiveCfg = Debug|Any CPU
		{679F8504-CBF2-445C-B3E9-DD9E96CB2E6F}.Debug|x86.Build.0 = Debug|Any CPU
		{679F8504-CBF2-445C-B3E9-DD9E96CB2E6F}.Release|Any CPU.ActiveCfg = Release|Any CPU
		{679F8504-CBF2-445C-B3E9-DD9E96CB2E6F}.Release|Any CPU.Build.0 = Release|Any CPU
		{679F8504-CBF2-445C-B3E9-DD9E96CB2E6F}.Release|ARM.ActiveCfg = Release|Any CPU
		{679F8504-CBF2-445C-B3E9-DD9E96CB2E6F}.Release|ARM.Build.0 = Release|Any CPU
		{679F8504-CBF2-445C-B3E9-DD9E96CB2E6F}.Release|ARM64.ActiveCfg = Release|Any CPU
		{679F8504-CBF2-445C-B3E9-DD9E96CB2E6F}.Release|ARM64.Build.0 = Release|Any CPU
		{679F8504-CBF2-445C-B3E9-DD9E96CB2E6F}.Release|x64.ActiveCfg = Release|Any CPU
		{679F8504-CBF2-445C-B3E9-DD9E96CB2E6F}.Release|x64.Build.0 = Release|Any CPU
		{679F8504-CBF2-445C-B3E9-DD9E96CB2E6F}.Release|x86.ActiveCfg = Release|Any CPU
		{679F8504-CBF2-445C-B3E9-DD9E96CB2E6F}.Release|x86.Build.0 = Release|Any CPU
		{43B7652F-97AB-4531-AC44-8289709CABA0}.Debug|Any CPU.ActiveCfg = Debug|Any CPU
		{43B7652F-97AB-4531-AC44-8289709CABA0}.Debug|Any CPU.Build.0 = Debug|Any CPU
		{43B7652F-97AB-4531-AC44-8289709CABA0}.Debug|ARM.ActiveCfg = Debug|Any CPU
		{43B7652F-97AB-4531-AC44-8289709CABA0}.Debug|ARM.Build.0 = Debug|Any CPU
		{43B7652F-97AB-4531-AC44-8289709CABA0}.Debug|ARM64.ActiveCfg = Debug|Any CPU
		{43B7652F-97AB-4531-AC44-8289709CABA0}.Debug|ARM64.Build.0 = Debug|Any CPU
		{43B7652F-97AB-4531-AC44-8289709CABA0}.Debug|x64.ActiveCfg = Debug|Any CPU
		{43B7652F-97AB-4531-AC44-8289709CABA0}.Debug|x64.Build.0 = Debug|Any CPU
		{43B7652F-97AB-4531-AC44-8289709CABA0}.Debug|x86.ActiveCfg = Debug|Any CPU
		{43B7652F-97AB-4531-AC44-8289709CABA0}.Debug|x86.Build.0 = Debug|Any CPU
		{43B7652F-97AB-4531-AC44-8289709CABA0}.Release|Any CPU.ActiveCfg = Release|Any CPU
		{43B7652F-97AB-4531-AC44-8289709CABA0}.Release|Any CPU.Build.0 = Release|Any CPU
		{43B7652F-97AB-4531-AC44-8289709CABA0}.Release|ARM.ActiveCfg = Release|Any CPU
		{43B7652F-97AB-4531-AC44-8289709CABA0}.Release|ARM.Build.0 = Release|Any CPU
		{43B7652F-97AB-4531-AC44-8289709CABA0}.Release|ARM64.ActiveCfg = Release|Any CPU
		{43B7652F-97AB-4531-AC44-8289709CABA0}.Release|ARM64.Build.0 = Release|Any CPU
		{43B7652F-97AB-4531-AC44-8289709CABA0}.Release|x64.ActiveCfg = Release|Any CPU
		{43B7652F-97AB-4531-AC44-8289709CABA0}.Release|x64.Build.0 = Release|Any CPU
		{43B7652F-97AB-4531-AC44-8289709CABA0}.Release|x86.ActiveCfg = Release|Any CPU
		{43B7652F-97AB-4531-AC44-8289709CABA0}.Release|x86.Build.0 = Release|Any CPU
		{26DB6FA5-8BD8-4AB3-93DB-4330C64BE74E}.Debug|Any CPU.ActiveCfg = Debug|x64
		{26DB6FA5-8BD8-4AB3-93DB-4330C64BE74E}.Debug|Any CPU.Build.0 = Debug|x64
		{26DB6FA5-8BD8-4AB3-93DB-4330C64BE74E}.Debug|Any CPU.Deploy.0 = Debug|x64
		{26DB6FA5-8BD8-4AB3-93DB-4330C64BE74E}.Debug|ARM.ActiveCfg = Debug|ARM
		{26DB6FA5-8BD8-4AB3-93DB-4330C64BE74E}.Debug|ARM.Build.0 = Debug|ARM
		{26DB6FA5-8BD8-4AB3-93DB-4330C64BE74E}.Debug|ARM.Deploy.0 = Debug|ARM
		{26DB6FA5-8BD8-4AB3-93DB-4330C64BE74E}.Debug|ARM64.ActiveCfg = Debug|ARM64
		{26DB6FA5-8BD8-4AB3-93DB-4330C64BE74E}.Debug|ARM64.Build.0 = Debug|ARM64
		{26DB6FA5-8BD8-4AB3-93DB-4330C64BE74E}.Debug|ARM64.Deploy.0 = Debug|ARM64
		{26DB6FA5-8BD8-4AB3-93DB-4330C64BE74E}.Debug|x64.ActiveCfg = Debug|x64
		{26DB6FA5-8BD8-4AB3-93DB-4330C64BE74E}.Debug|x64.Build.0 = Debug|x64
		{26DB6FA5-8BD8-4AB3-93DB-4330C64BE74E}.Debug|x64.Deploy.0 = Debug|x64
		{26DB6FA5-8BD8-4AB3-93DB-4330C64BE74E}.Debug|x86.ActiveCfg = Debug|x86
		{26DB6FA5-8BD8-4AB3-93DB-4330C64BE74E}.Debug|x86.Build.0 = Debug|x86
		{26DB6FA5-8BD8-4AB3-93DB-4330C64BE74E}.Debug|x86.Deploy.0 = Debug|x86
		{26DB6FA5-8BD8-4AB3-93DB-4330C64BE74E}.Release|Any CPU.ActiveCfg = Release|x64
		{26DB6FA5-8BD8-4AB3-93DB-4330C64BE74E}.Release|Any CPU.Build.0 = Release|x64
		{26DB6FA5-8BD8-4AB3-93DB-4330C64BE74E}.Release|Any CPU.Deploy.0 = Release|x64
		{26DB6FA5-8BD8-4AB3-93DB-4330C64BE74E}.Release|ARM.ActiveCfg = Release|ARM
		{26DB6FA5-8BD8-4AB3-93DB-4330C64BE74E}.Release|ARM.Build.0 = Release|ARM
		{26DB6FA5-8BD8-4AB3-93DB-4330C64BE74E}.Release|ARM.Deploy.0 = Release|ARM
		{26DB6FA5-8BD8-4AB3-93DB-4330C64BE74E}.Release|ARM64.ActiveCfg = Release|ARM64
		{26DB6FA5-8BD8-4AB3-93DB-4330C64BE74E}.Release|ARM64.Build.0 = Release|ARM64
		{26DB6FA5-8BD8-4AB3-93DB-4330C64BE74E}.Release|ARM64.Deploy.0 = Release|ARM64
		{26DB6FA5-8BD8-4AB3-93DB-4330C64BE74E}.Release|x64.ActiveCfg = Release|x64
		{26DB6FA5-8BD8-4AB3-93DB-4330C64BE74E}.Release|x64.Build.0 = Release|x64
		{26DB6FA5-8BD8-4AB3-93DB-4330C64BE74E}.Release|x64.Deploy.0 = Release|x64
		{26DB6FA5-8BD8-4AB3-93DB-4330C64BE74E}.Release|x86.ActiveCfg = Release|x86
		{26DB6FA5-8BD8-4AB3-93DB-4330C64BE74E}.Release|x86.Build.0 = Release|x86
		{26DB6FA5-8BD8-4AB3-93DB-4330C64BE74E}.Release|x86.Deploy.0 = Release|x86
		{E265D910-B7F0-49B0-B867-A28940F9C946}.Debug|Any CPU.ActiveCfg = Debug|x64
		{E265D910-B7F0-49B0-B867-A28940F9C946}.Debug|Any CPU.Build.0 = Debug|x64
		{E265D910-B7F0-49B0-B867-A28940F9C946}.Debug|Any CPU.Deploy.0 = Debug|x64
		{E265D910-B7F0-49B0-B867-A28940F9C946}.Debug|ARM.ActiveCfg = Debug|x64
		{E265D910-B7F0-49B0-B867-A28940F9C946}.Debug|ARM.Build.0 = Debug|x64
		{E265D910-B7F0-49B0-B867-A28940F9C946}.Debug|ARM.Deploy.0 = Debug|x64
		{E265D910-B7F0-49B0-B867-A28940F9C946}.Debug|ARM64.ActiveCfg = Debug|ARM64
		{E265D910-B7F0-49B0-B867-A28940F9C946}.Debug|ARM64.Build.0 = Debug|ARM64
		{E265D910-B7F0-49B0-B867-A28940F9C946}.Debug|ARM64.Deploy.0 = Debug|ARM64
		{E265D910-B7F0-49B0-B867-A28940F9C946}.Debug|x64.ActiveCfg = Debug|x64
		{E265D910-B7F0-49B0-B867-A28940F9C946}.Debug|x64.Build.0 = Debug|x64
		{E265D910-B7F0-49B0-B867-A28940F9C946}.Debug|x64.Deploy.0 = Debug|x64
		{E265D910-B7F0-49B0-B867-A28940F9C946}.Debug|x86.ActiveCfg = Debug|x86
		{E265D910-B7F0-49B0-B867-A28940F9C946}.Debug|x86.Build.0 = Debug|x86
		{E265D910-B7F0-49B0-B867-A28940F9C946}.Debug|x86.Deploy.0 = Debug|x86
		{E265D910-B7F0-49B0-B867-A28940F9C946}.Release|Any CPU.ActiveCfg = Release|x64
		{E265D910-B7F0-49B0-B867-A28940F9C946}.Release|Any CPU.Build.0 = Release|x64
		{E265D910-B7F0-49B0-B867-A28940F9C946}.Release|Any CPU.Deploy.0 = Release|x64
		{E265D910-B7F0-49B0-B867-A28940F9C946}.Release|ARM.ActiveCfg = Release|x64
		{E265D910-B7F0-49B0-B867-A28940F9C946}.Release|ARM.Build.0 = Release|x64
		{E265D910-B7F0-49B0-B867-A28940F9C946}.Release|ARM.Deploy.0 = Release|x64
		{E265D910-B7F0-49B0-B867-A28940F9C946}.Release|ARM64.ActiveCfg = Release|ARM64
		{E265D910-B7F0-49B0-B867-A28940F9C946}.Release|ARM64.Build.0 = Release|ARM64
		{E265D910-B7F0-49B0-B867-A28940F9C946}.Release|ARM64.Deploy.0 = Release|ARM64
		{E265D910-B7F0-49B0-B867-A28940F9C946}.Release|x64.ActiveCfg = Release|x64
		{E265D910-B7F0-49B0-B867-A28940F9C946}.Release|x64.Build.0 = Release|x64
		{E265D910-B7F0-49B0-B867-A28940F9C946}.Release|x64.Deploy.0 = Release|x64
		{E265D910-B7F0-49B0-B867-A28940F9C946}.Release|x86.ActiveCfg = Release|x86
		{E265D910-B7F0-49B0-B867-A28940F9C946}.Release|x86.Build.0 = Release|x86
		{E265D910-B7F0-49B0-B867-A28940F9C946}.Release|x86.Deploy.0 = Release|x86
	EndGlobalSection
	GlobalSection(SolutionProperties) = preSolution
		HideSolutionNode = FALSE
	EndGlobalSection
	GlobalSection(ExtensibilityGlobals) = postSolution
		SolutionGuid = {344354F1-DCAB-47F4-99A0-72DDDB44BC6D}
	EndGlobalSection
EndGlobal
